// !$*UTF8*$!
{
	archiveVersion = 1;
	classes = {
	};
	objectVersion = 46;
	objects = {

/* Begin PBXBuildFile section */
		97135A211CA2C436005D1401 /* main.m in Sources */ = {isa = PBXBuildFile; fileRef = 97135A201CA2C436005D1401 /* main.m */; };
		97135A241CA2C436005D1401 /* AppDelegate.m in Sources */ = {isa = PBXBuildFile; fileRef = 97135A231CA2C436005D1401 /* AppDelegate.m */; };
		97135A271CA2C436005D1401 /* ViewController.m in Sources */ = {isa = PBXBuildFile; fileRef = 97135A261CA2C436005D1401 /* ViewController.m */; };
		97135A2A1CA2C436005D1401 /* Main.storyboard in Resources */ = {isa = PBXBuildFile; fileRef = 97135A281CA2C436005D1401 /* Main.storyboard */; };
		97135A2C1CA2C436005D1401 /* Assets.xcassets in Resources */ = {isa = PBXBuildFile; fileRef = 97135A2B1CA2C436005D1401 /* Assets.xcassets */; };
		97135A2F1CA2C436005D1401 /* LaunchScreen.storyboard in Resources */ = {isa = PBXBuildFile; fileRef = 97135A2D1CA2C436005D1401 /* LaunchScreen.storyboard */; };
		97135A371CA2C636005D1401 /* sortednames.plist in Resources */ = {isa = PBXBuildFile; fileRef = 97135A361CA2C636005D1401 /* sortednames.plist */; };
/* End PBXBuildFile section */

/* Begin PBXFileReference section */
		97135A1C1CA2C436005D1401 /* Sections and Indexes.app */ = {isa = PBXFileReference; explicitFileType = wrapper.application; includeInIndex = 0; path = "Sections and Indexes.app"; sourceTree = BUILT_PRODUCTS_DIR; };
		97135A201CA2C436005D1401 /* main.m */ = {isa = PBXFileReference; lastKnownFileType = sourcecode.c.objc; path = main.m; sourceTree = "<group>"; };
		97135A221CA2C436005D1401 /* AppDelegate.h */ = {isa = PBXFileReference; lastKnownFileType = sourcecode.c.h; path = AppDelegate.h; sourceTree = "<group>"; };
		97135A231CA2C436005D1401 /* AppDelegate.m */ = {isa = PBXFileReference; lastKnownFileType = sourcecode.c.objc; path = AppDelegate.m; sourceTree = "<group>"; };
		97135A251CA2C436005D1401 /* ViewController.h */ = {isa = PBXFileReference; lastKnownFileType = sourcecode.c.h; path = ViewController.h; sourceTree = "<group>"; };
		97135A261CA2C436005D1401 /* ViewController.m */ = {isa = PBXFileReference; lastKnownFileType = sourcecode.c.objc; path = ViewController.m; sourceTree = "<group>"; };
		97135A291CA2C436005D1401 /* Base */ = {isa = PBXFileReference; lastKnownFileType = file.storyboard; name = Base; path = Base.lproj/Main.storyboard; sourceTree = "<group>"; };
		97135A2B1CA2C436005D1401 /* Assets.xcassets */ = {isa = PBXFileReference; lastKnownFileType = folder.assetcatalog; path = Assets.xcassets; sourceTree = "<group>"; };
		97135A2E1CA2C436005D1401 /* Base */ = {isa = PBXFileReference; lastKnownFileType = file.storyboard; name = Base; path = Base.lproj/LaunchScreen.storyboard; sourceTree = "<group>"; };
		97135A301CA2C436005D1401 /* Info.plist */ = {isa = PBXFileReference; lastKnownFileType = text.plist.xml; path = Info.plist; sourceTree = "<group>"; };
		97135A361CA2C636005D1401 /* sortednames.plist */ = {isa = PBXFileReference; fileEncoding = 4; lastKnownFileType = text.plist.xml; path = sortednames.plist; sourceTree = "<group>"; };
/* End PBXFileReference section */

/* Begin PBXFrameworksBuildPhase section */
		97135A191CA2C436005D1401 /* Frameworks */ = {
			isa = PBXFrameworksBuildPhase;
			buildActionMask = 2147483647;
			files = (
			);
			runOnlyForDeploymentPostprocessing = 0;
		};
/* End PBXFrameworksBuildPhase section */

/* Begin PBXGroup section */
		97135A131CA2C436005D1401 = {
			isa = PBXGroup;
			children = (
				97135A1E1CA2C436005D1401 /* Sections and Indexes */,
				97135A1D1CA2C436005D1401 /* Products */,
			);
			sourceTree = "<group>";
		};
		97135A1D1CA2C436005D1401 /* Products */ = {
			isa = PBXGroup;
			children = (
				97135A1C1CA2C436005D1401 /* Sections and Indexes.app */,
			);
			name = Products;
			sourceTree = "<group>";
		};
		97135A1E1CA2C436005D1401 /* Sections and Indexes */ = {
			isa = PBXGroup;
			children = (
				97135A221CA2C436005D1401 /* AppDelegate.h */,
				97135A231CA2C436005D1401 /* AppDelegate.m */,
				97135A251CA2C436005D1401 /* ViewController.h */,
				97135A261CA2C436005D1401 /* ViewController.m */,
				97135A281CA2C436005D1401 /* Main.storyboard */,
				97135A2B1CA2C436005D1401 /* Assets.xcassets */,
				97135A2D1CA2C436005D1401 /* LaunchScreen.storyboard */,
				97135A301CA2C436005D1401 /* Info.plist */,
				97135A361CA2C636005D1401 /* sortednames.plist */,
				97135A1F1CA2C436005D1401 /* Supporting Files */,
			);
			path = "Sections and Indexes";
			sourceTree = "<group>";
		};
		97135A1F1CA2C436005D1401 /* Supporting Files */ = {
			isa = PBXGroup;
			children = (
				97135A201CA2C436005D1401 /* main.m */,
			);
			name = "Supporting Files";
			sourceTree = "<group>";
		};
/* End PBXGroup section */

/* Begin PBXNativeTarget section */
		97135A1B1CA2C436005D1401 /* Sections and Indexes */ = {
			isa = PBXNativeTarget;
			buildConfigurationList = 97135A331CA2C436005D1401 /* Build configuration list for PBXNativeTarget "Sections and Indexes" */;
			buildPhases = (
				97135A181CA2C436005D1401 /* Sources */,
				97135A191CA2C436005D1401 /* Frameworks */,
				97135A1A1CA2C436005D1401 /* Resources */,
			);
			buildRules = (
			);
			dependencies = (
			);
			name = "Sections and Indexes";
			productName = "Sections and Indexes";
			productReference = 97135A1C1CA2C436005D1401 /* Sections and Indexes.app */;
			productType = "com.apple.product-type.application";
		};
/* End PBXNativeTarget section */

/* Begin PBXProject section */
		97135A141CA2C436005D1401 /* Project object */ = {
			isa = PBXProject;
			attributes = {
				LastUpgradeCheck = 0710;
				ORGANIZATIONNAME = "Belén Molina del Campo";
				TargetAttributes = {
					97135A1B1CA2C436005D1401 = {
						CreatedOnToolsVersion = 7.1.1;
					};
				};
			};
			buildConfigurationList = 97135A171CA2C436005D1401 /* Build configuration list for PBXProject "Sections and Indexes" */;
			compatibilityVersion = "Xcode 3.2";
			developmentRegion = English;
			hasScannedForEncodings = 0;
			knownRegions = (
				en,
				Base,
			);
			mainGroup = 97135A131CA2C436005D1401;
			productRefGroup = 97135A1D1CA2C436005D1401 /* Products */;
			projectDirPath = "";
			projectRoot = "";
			targets = (
				97135A1B1CA2C436005D1401 /* Sections and Indexes */,
			);
		};
/* End PBXProject section */

/* Begin PBXResourcesBuildPhase section */
		97135A1A1CA2C436005D1401 /* Resources */ = {
			isa = PBXResourcesBuildPhase;
			buildActionMask = 2147483647;
			files = (
				97135A371CA2C636005D1401 /* sortednames.plist in Resources */,
				97135A2F1CA2C436005D1401 /* LaunchScreen.storyboard in Resources */,
				97135A2C1CA2C436005D1401 /* Assets.xcassets in Resources */,
				97135A2A1CA2C436005D1401 /* Main.storyboard in Resources */,
			);
			runOnlyForDeploymentPostprocessing = 0;
		};
/* End PBXResourcesBuildPhase section */

/* Begin PBXSourcesBuildPhase section */
		97135A181CA2C436005D1401 /* Sources */ = {
			isa = PBXSourcesBuildPhase;
			buildActionMask = 2147483647;
			files = (
				97135A271CA2C436005D1401 /* ViewController.m in Sources */,
				97135A241CA2C436005D1401 /* AppDelegate.m in Sources */,
				97135A211CA2C436005D1401 /* main.m in Sources */,
			);
			runOnlyForDeploymentPostprocessing = 0;
		};
/* End PBXSourcesBuildPhase section */

/* Begin PBXVariantGroup section */
		97135A281CA2C436005D1401 /* Main.storyboard */ = {
			isa = PBXVariantGroup;
			children = (
				97135A291CA2C436005D1401 /* Base */,
			);
			name = Main.storyboard;
			sourceTree = "<group>";
		};
		97135A2D1CA2C436005D1401 /* LaunchScreen.storyboard */ = {
			isa = PBXVariantGroup;
			children = (
				97135A2E1CA2C436005D1401 /* Base */,
			);
			name = LaunchScreen.storyboard;
			sourceTree = "<group>";
		};
/* End PBXVariantGroup section */

/* Begin XCBuildConfiguration section */
		97135A311CA2C436005D1401 /* Debug */ = {
			isa = XCBuildConfiguration;
			buildSettings = {
				ALWAYS_SEARCH_USER_PATHS = NO;
				CLANG_CXX_LANGUAGE_STANDARD = "gnu++0x";
				CLANG_CXX_LIBRARY = "libc++";
				CLANG_ENABLE_MODULES = YES;
				CLANG_ENABLE_OBJC_ARC = YES;
				CLANG_WARN_BOOL_CONVERSION = YES;
				CLANG_WARN_CONSTANT_CONVERSION = YES;
				CLANG_WARN_DIRECT_OBJC_ISA_USAGE = YES_ERROR;
				CLANG_WARN_EMPTY_BODY = YES;
				CLANG_WARN_ENUM_CONVERSION = YES;
				CLANG_WARN_INT_CONVERSION = YES;
				CLANG_WARN_OBJC_ROOT_CLASS = YES_ERROR;
				CLANG_WARN_UNREACHABLE_CODE = YES;
				CLANG_WARN__DUPLICATE_METHOD_MATCH = YES;
				"CODE_SIGN_IDENTITY[sdk=iphoneos*]" = "iPhone Developer";
				COPY_PHASE_STRIP = NO;
				DEBUG_INFORMATION_FORMAT = dwarf;
				ENABLE_STRICT_OBJC_MSGSEND = YES;
				ENABLE_TESTABILITY = YES;
				GCC_C_LANGUAGE_STANDARD = gnu99;
				GCC_DYNAMIC_NO_PIC = NO;
				GCC_NO_COMMON_BLOCKS = YES;
				GCC_OPTIMIZATION_LEVEL = 0;
				GCC_PREPROCESSOR_DEFINITIONS = (
					"DEBUG=1",
					"$(inherited)",
				);
				GCC_WARN_64_TO_32_BIT_CONVERSION = YES;
				GCC_WARN_ABOUT_RETURN_TYPE = YES_ERROR;
				GCC_WARN_UNDECLARED_SELECTOR = YES;
				GCC_WARN_UNINITIALIZED_AUTOS = YES_AGGRESSIVE;
				GCC_WARN_UNUSED_FUNCTION = YES;
				GCC_WARN_UNUSED_VARIABLE = YES;
				IPHONEOS_DEPLOYMENT_TARGET = 9.1;
				MTL_ENABLE_DEBUG_INFO = YES;
				ONLY_ACTIVE_ARCH = YES;
				SDKROOT = iphoneos;
			};
			name = Debug;
		};
		97135A321CA2C436005D1401 /* Release */ = {
			isa = XCBuildConfiguration;
			buildSettings = {
				ALWAYS_SEARCH_USER_PATHS = NO;
				CLANG_CXX_LANGUAGE_STANDARD = "gnu++0x";
				CLANG_CXX_LIBRARY = "libc++";
				CLANG_ENABLE_MODULES = YES;
				CLANG_ENABLE_OBJC_ARC = YES;
				CLANG_WARN_BOOL_CONVERSION = YES;
				CLANG_WARN_CONSTANT_CONVERSION = YES;
				CLANG_WARN_DIRECT_OBJC_ISA_USAGE = YES_ERROR;
				CLANG_WARN_EMPTY_BODY = YES;
				CLANG_WARN_ENUM_CONVERSION = YES;
				CLANG_WARN_INT_CONVERSION = YES;
				CLANG_WARN_OBJC_ROOT_CLASS = YES_ERROR;
				CLANG_WARN_UNREACHABLE_CODE = YES;
				CLANG_WARN__DUPLICATE_METHOD_MATCH = YES;
				"CODE_SIGN_IDENTITY[sdk=iphoneos*]" = "iPhone Developer";
				COPY_PHASE_STRIP = NO;
				DEBUG_INFORMATION_FORMAT = "dwarf-with-dsym";
				ENABLE_NS_ASSERTIONS = NO;
				ENABLE_STRICT_OBJC_MSGSEND = YES;
				GCC_C_LANGUAGE_STANDARD = gnu99;
				GCC_NO_COMMON_BLOCKS = YES;
				GCC_WARN_64_TO_32_BIT_CONVERSION = YES;
				GCC_WARN_ABOUT_RETURN_TYPE = YES_ERROR;
				GCC_WARN_UNDECLARED_SELECTOR = YES;
				GCC_WARN_UNINITIALIZED_AUTOS = YES_AGGRESSIVE;
				GCC_WARN_UNUSED_FUNCTION = YES;
				GCC_WARN_UNUSED_VARIABLE = YES;
				IPHONEOS_DEPLOYMENT_TARGET = 9.1;
				MTL_ENABLE_DEBUG_INFO = NO;
				SDKROOT = iphoneos;
				VALIDATE_PRODUCT = YES;
			};
			name = Release;
		};
		97135A341CA2C436005D1401 /* Debug */ = {
			isa = XCBuildConfiguration;
			buildSettings = {
				ASSETCATALOG_COMPILER_APPICON_NAME = AppIcon;
				INFOPLIST_FILE = "Sections and Indexes/Info.plist";
				LD_RUNPATH_SEARCH_PATHS = "$(inherited) @executable_path/Frameworks";
				PRODUCT_BUNDLE_IDENTIFIER = "com.bmc.Sections-and-Indexes";
				PRODUCT_NAME = "$(TARGET_NAME)";
			};
			name = Debug;
		};
		97135A351CA2C436005D1401 /* Release */ = {
			isa = XCBuildConfiguration;
			buildSettings = {
				ASSETCATALOG_COMPILER_APPICON_NAME = AppIcon;
				INFOPLIST_FILE = "Sections and Indexes/Info.plist";
				LD_RUNPATH_SEARCH_PATHS = "$(inherited) @executable_path/Frameworks";
				PRODUCT_BUNDLE_IDENTIFIER = "com.bmc.Sections-and-Indexes";
				PRODUCT_NAME = "$(TARGET_NAME)";
			};
			name = Release;
		};
/* End XCBuildConfiguration section */

/* Begin XCConfigurationList section */
		97135A171CA2C436005D1401 /* Build configuration list for PBXProject "Sections and Indexes" */ = {
			isa = XCConfigurationList;
			buildConfigurations = (
				97135A311CA2C436005D1401 /* Debug */,
				97135A321CA2C436005D1401 /* Release */,
			);
			defaultConfigurationIsVisible = 0;
			defaultConfigurationName = Release;
		};
		97135A331CA2C436005D1401 /* Build configuration list for PBXNativeTarget "Sections and Indexes" */ = {
			isa = XCConfigurationList;
			buildConfigurations = (
				97135A341CA2C436005D1401 /* Debug */,
				97135A351CA2C436005D1401 /* Release */,
			);
			defaultConfigurationIsVisible = 0;
		};
/* End XCConfigurationList section */
	};
	rootObject = 97135A141CA2C436005D1401 /* Project object */;
}
