// !$*UTF8*$!
{
	archiveVersion = 1;
	classes = {
	};
	objectVersion = 46;
	objects = {

/* Begin PBXBuildFile section */
		97FA07BC1CB3BBF60002388F /* main.m in Sources */ = {isa = PBXBuildFile; fileRef = 97FA07BB1CB3BBF60002388F /* main.m */; };
		97FA07BF1CB3BBF60002388F /* AppDelegate.m in Sources */ = {isa = PBXBuildFile; fileRef = 97FA07BE1CB3BBF60002388F /* AppDelegate.m */; };
		97FA07C21CB3BBF60002388F /* ViewController.m in Sources */ = {isa = PBXBuildFile; fileRef = 97FA07C11CB3BBF60002388F /* ViewController.m */; };
		97FA07C51CB3BBF60002388F /* Main.storyboard in Resources */ = {isa = PBXBuildFile; fileRef = 97FA07C31CB3BBF60002388F /* Main.storyboard */; };
		97FA07C71CB3BBF60002388F /* Assets.xcassets in Resources */ = {isa = PBXBuildFile; fileRef = 97FA07C61CB3BBF60002388F /* Assets.xcassets */; };
		97FA07CA1CB3BBF60002388F /* LaunchScreen.storyboard in Resources */ = {isa = PBXBuildFile; fileRef = 97FA07C81CB3BBF60002388F /* LaunchScreen.storyboard */; };
/* End PBXBuildFile section */

/* Begin PBXFileReference section */
		97FA07B71CB3BBF60002388F /* Gesture Recognisers.app */ = {isa = PBXFileReference; explicitFileType = wrapper.application; includeInIndex = 0; path = "Gesture Recognisers.app"; sourceTree = BUILT_PRODUCTS_DIR; };
		97FA07BB1CB3BBF60002388F /* main.m */ = {isa = PBXFileReference; lastKnownFileType = sourcecode.c.objc; path = main.m; sourceTree = "<group>"; };
		97FA07BD1CB3BBF60002388F /* AppDelegate.h */ = {isa = PBXFileReference; lastKnownFileType = sourcecode.c.h; path = AppDelegate.h; sourceTree = "<group>"; };
		97FA07BE1CB3BBF60002388F /* AppDelegate.m */ = {isa = PBXFileReference; lastKnownFileType = sourcecode.c.objc; path = AppDelegate.m; sourceTree = "<group>"; };
		97FA07C01CB3BBF60002388F /* ViewController.h */ = {isa = PBXFileReference; lastKnownFileType = sourcecode.c.h; path = ViewController.h; sourceTree = "<group>"; };
		97FA07C11CB3BBF60002388F /* ViewController.m */ = {isa = PBXFileReference; lastKnownFileType = sourcecode.c.objc; path = ViewController.m; sourceTree = "<group>"; };
		97FA07C41CB3BBF60002388F /* Base */ = {isa = PBXFileReference; lastKnownFileType = file.storyboard; name = Base; path = Base.lproj/Main.storyboard; sourceTree = "<group>"; };
		97FA07C61CB3BBF60002388F /* Assets.xcassets */ = {isa = PBXFileReference; lastKnownFileType = folder.assetcatalog; path = Assets.xcassets; sourceTree = "<group>"; };
		97FA07C91CB3BBF60002388F /* Base */ = {isa = PBXFileReference; lastKnownFileType = file.storyboard; name = Base; path = Base.lproj/LaunchScreen.storyboard; sourceTree = "<group>"; };
		97FA07CB1CB3BBF60002388F /* Info.plist */ = {isa = PBXFileReference; lastKnownFileType = text.plist.xml; path = Info.plist; sourceTree = "<group>"; };
/* End PBXFileReference section */

/* Begin PBXFrameworksBuildPhase section */
		97FA07B41CB3BBF60002388F /* Frameworks */ = {
			isa = PBXFrameworksBuildPhase;
			buildActionMask = 2147483647;
			files = (
			);
			runOnlyForDeploymentPostprocessing = 0;
		};
/* End PBXFrameworksBuildPhase section */

/* Begin PBXGroup section */
		97FA07AE1CB3BBF60002388F = {
			isa = PBXGroup;
			children = (
				97FA07B91CB3BBF60002388F /* Gesture Recognisers */,
				97FA07B81CB3BBF60002388F /* Products */,
			);
			sourceTree = "<group>";
		};
		97FA07B81CB3BBF60002388F /* Products */ = {
			isa = PBXGroup;
			children = (
				97FA07B71CB3BBF60002388F /* Gesture Recognisers.app */,
			);
			name = Products;
			sourceTree = "<group>";
		};
		97FA07B91CB3BBF60002388F /* Gesture Recognisers */ = {
			isa = PBXGroup;
			children = (
				97FA07BD1CB3BBF60002388F /* AppDelegate.h */,
				97FA07BE1CB3BBF60002388F /* AppDelegate.m */,
				97FA07C01CB3BBF60002388F /* ViewController.h */,
				97FA07C11CB3BBF60002388F /* ViewController.m */,
				97FA07C31CB3BBF60002388F /* Main.storyboard */,
				97FA07C61CB3BBF60002388F /* Assets.xcassets */,
				97FA07C81CB3BBF60002388F /* LaunchScreen.storyboard */,
				97FA07CB1CB3BBF60002388F /* Info.plist */,
				97FA07BA1CB3BBF60002388F /* Supporting Files */,
			);
			path = "Gesture Recognisers";
			sourceTree = "<group>";
		};
		97FA07BA1CB3BBF60002388F /* Supporting Files */ = {
			isa = PBXGroup;
			children = (
				97FA07BB1CB3BBF60002388F /* main.m */,
			);
			name = "Supporting Files";
			sourceTree = "<group>";
		};
/* End PBXGroup section */

/* Begin PBXNativeTarget section */
		97FA07B61CB3BBF60002388F /* Gesture Recognisers */ = {
			isa = PBXNativeTarget;
			buildConfigurationList = 97FA07CE1CB3BBF60002388F /* Build configuration list for PBXNativeTarget "Gesture Recognisers" */;
			buildPhases = (
				97FA07B31CB3BBF60002388F /* Sources */,
				97FA07B41CB3BBF60002388F /* Frameworks */,
				97FA07B51CB3BBF60002388F /* Resources */,
			);
			buildRules = (
			);
			dependencies = (
			);
			name = "Gesture Recognisers";
			productName = "Gesture Recognisers";
			productReference = 97FA07B71CB3BBF60002388F /* Gesture Recognisers.app */;
			productType = "com.apple.product-type.application";
		};
/* End PBXNativeTarget section */

/* Begin PBXProject section */
		97FA07AF1CB3BBF60002388F /* Project object */ = {
			isa = PBXProject;
			attributes = {
				LastUpgradeCheck = 0710;
				ORGANIZATIONNAME = "Belén Molina del Campo";
				TargetAttributes = {
					97FA07B61CB3BBF60002388F = {
						CreatedOnToolsVersion = 7.1.1;
					};
				};
			};
			buildConfigurationList = 97FA07B21CB3BBF60002388F /* Build configuration list for PBXProject "Gesture Recognisers" */;
			compatibilityVersion = "Xcode 3.2";
			developmentRegion = English;
			hasScannedForEncodings = 0;
			knownRegions = (
				en,
				Base,
			);
			mainGroup = 97FA07AE1CB3BBF60002388F;
			productRefGroup = 97FA07B81CB3BBF60002388F /* Products */;
			projectDirPath = "";
			projectRoot = "";
			targets = (
				97FA07B61CB3BBF60002388F /* Gesture Recognisers */,
			);
		};
/* End PBXProject section */

/* Begin PBXResourcesBuildPhase section */
		97FA07B51CB3BBF60002388F /* Resources */ = {
			isa = PBXResourcesBuildPhase;
			buildActionMask = 2147483647;
			files = (
				97FA07CA1CB3BBF60002388F /* LaunchScreen.storyboard in Resources */,
				97FA07C71CB3BBF60002388F /* Assets.xcassets in Resources */,
				97FA07C51CB3BBF60002388F /* Main.storyboard in Resources */,
			);
			runOnlyForDeploymentPostprocessing = 0;
		};
/* End PBXResourcesBuildPhase section */

/* Begin PBXSourcesBuildPhase section */
		97FA07B31CB3BBF60002388F /* Sources */ = {
			isa = PBXSourcesBuildPhase;
			buildActionMask = 2147483647;
			files = (
				97FA07C21CB3BBF60002388F /* ViewController.m in Sources */,
				97FA07BF1CB3BBF60002388F /* AppDelegate.m in Sources */,
				97FA07BC1CB3BBF60002388F /* main.m in Sources */,
			);
			runOnlyForDeploymentPostprocessing = 0;
		};
/* End PBXSourcesBuildPhase section */

/* Begin PBXVariantGroup section */
		97FA07C31CB3BBF60002388F /* Main.storyboard */ = {
			isa = PBXVariantGroup;
			children = (
				97FA07C41CB3BBF60002388F /* Base */,
			);
			name = Main.storyboard;
			sourceTree = "<group>";
		};
		97FA07C81CB3BBF60002388F /* LaunchScreen.storyboard */ = {
			isa = PBXVariantGroup;
			children = (
				97FA07C91CB3BBF60002388F /* Base */,
			);
			name = LaunchScreen.storyboard;
			sourceTree = "<group>";
		};
/* End PBXVariantGroup section */

/* Begin XCBuildConfiguration section */
		97FA07CC1CB3BBF60002388F /* Debug */ = {
			isa = XCBuildConfiguration;
			buildSettings = {
				ALWAYS_SEARCH_USER_PATHS = NO;
				CLANG_CXX_LANGUAGE_STANDARD = "gnu++0x";
				CLANG_CXX_LIBRARY = "libc++";
				CLANG_ENABLE_MODULES = YES;
				CLANG_ENABLE_OBJC_ARC = YES;
				CLANG_WARN_BOOL_CONVERSION = YES;
				CLANG_WARN_CONSTANT_CONVERSION = YES;
				CLANG_WARN_DIRECT_OBJC_ISA_USAGE = YES_ERROR;
				CLANG_WARN_EMPTY_BODY = YES;
				CLANG_WARN_ENUM_CONVERSION = YES;
				CLANG_WARN_INT_CONVERSION = YES;
				CLANG_WARN_OBJC_ROOT_CLASS = YES_ERROR;
				CLANG_WARN_UNREACHABLE_CODE = YES;
				CLANG_WARN__DUPLICATE_METHOD_MATCH = YES;
				"CODE_SIGN_IDENTITY[sdk=iphoneos*]" = "iPhone Developer";
				COPY_PHASE_STRIP = NO;
				DEBUG_INFORMATION_FORMAT = dwarf;
				ENABLE_STRICT_OBJC_MSGSEND = YES;
				ENABLE_TESTABILITY = YES;
				GCC_C_LANGUAGE_STANDARD = gnu99;
				GCC_DYNAMIC_NO_PIC = NO;
				GCC_NO_COMMON_BLOCKS = YES;
				GCC_OPTIMIZATION_LEVEL = 0;
				GCC_PREPROCESSOR_DEFINITIONS = (
					"DEBUG=1",
					"$(inherited)",
				);
				GCC_WARN_64_TO_32_BIT_CONVERSION = YES;
				GCC_WARN_ABOUT_RETURN_TYPE = YES_ERROR;
				GCC_WARN_UNDECLARED_SELECTOR = YES;
				GCC_WARN_UNINITIALIZED_AUTOS = YES_AGGRESSIVE;
				GCC_WARN_UNUSED_FUNCTION = YES;
				GCC_WARN_UNUSED_VARIABLE = YES;
				IPHONEOS_DEPLOYMENT_TARGET = 9.1;
				MTL_ENABLE_DEBUG_INFO = YES;
				ONLY_ACTIVE_ARCH = YES;
				SDKROOT = iphoneos;
			};
			name = Debug;
		};
		97FA07CD1CB3BBF60002388F /* Release */ = {
			isa = XCBuildConfiguration;
			buildSettings = {
				ALWAYS_SEARCH_USER_PATHS = NO;
				CLANG_CXX_LANGUAGE_STANDARD = "gnu++0x";
				CLANG_CXX_LIBRARY = "libc++";
				CLANG_ENABLE_MODULES = YES;
				CLANG_ENABLE_OBJC_ARC = YES;
				CLANG_WARN_BOOL_CONVERSION = YES;
				CLANG_WARN_CONSTANT_CONVERSION = YES;
				CLANG_WARN_DIRECT_OBJC_ISA_USAGE = YES_ERROR;
				CLANG_WARN_EMPTY_BODY = YES;
				CLANG_WARN_ENUM_CONVERSION = YES;
				CLANG_WARN_INT_CONVERSION = YES;
				CLANG_WARN_OBJC_ROOT_CLASS = YES_ERROR;
				CLANG_WARN_UNREACHABLE_CODE = YES;
				CLANG_WARN__DUPLICATE_METHOD_MATCH = YES;
				"CODE_SIGN_IDENTITY[sdk=iphoneos*]" = "iPhone Developer";
				COPY_PHASE_STRIP = NO;
				DEBUG_INFORMATION_FORMAT = "dwarf-with-dsym";
				ENABLE_NS_ASSERTIONS = NO;
				ENABLE_STRICT_OBJC_MSGSEND = YES;
				GCC_C_LANGUAGE_STANDARD = gnu99;
				GCC_NO_COMMON_BLOCKS = YES;
				GCC_WARN_64_TO_32_BIT_CONVERSION = YES;
				GCC_WARN_ABOUT_RETURN_TYPE = YES_ERROR;
				GCC_WARN_UNDECLARED_SELECTOR = YES;
				GCC_WARN_UNINITIALIZED_AUTOS = YES_AGGRESSIVE;
				GCC_WARN_UNUSED_FUNCTION = YES;
				GCC_WARN_UNUSED_VARIABLE = YES;
				IPHONEOS_DEPLOYMENT_TARGET = 9.1;
				MTL_ENABLE_DEBUG_INFO = NO;
				SDKROOT = iphoneos;
				VALIDATE_PRODUCT = YES;
			};
			name = Release;
		};
		97FA07CF1CB3BBF60002388F /* Debug */ = {
			isa = XCBuildConfiguration;
			buildSettings = {
				ASSETCATALOG_COMPILER_APPICON_NAME = AppIcon;
				INFOPLIST_FILE = "Gesture Recognisers/Info.plist";
				LD_RUNPATH_SEARCH_PATHS = "$(inherited) @executable_path/Frameworks";
				PRODUCT_BUNDLE_IDENTIFIER = "com.bmc.Gesture-Recognisers";
				PRODUCT_NAME = "$(TARGET_NAME)";
			};
			name = Debug;
		};
		97FA07D01CB3BBF60002388F /* Release */ = {
			isa = XCBuildConfiguration;
			buildSettings = {
				ASSETCATALOG_COMPILER_APPICON_NAME = AppIcon;
				INFOPLIST_FILE = "Gesture Recognisers/Info.plist";
				LD_RUNPATH_SEARCH_PATHS = "$(inherited) @executable_path/Frameworks";
				PRODUCT_BUNDLE_IDENTIFIER = "com.bmc.Gesture-Recognisers";
				PRODUCT_NAME = "$(TARGET_NAME)";
			};
			name = Release;
		};
/* End XCBuildConfiguration section */

/* Begin XCConfigurationList section */
		97FA07B21CB3BBF60002388F /* Build configuration list for PBXProject "Gesture Recognisers" */ = {
			isa = XCConfigurationList;
			buildConfigurations = (
				97FA07CC1CB3BBF60002388F /* Debug */,
				97FA07CD1CB3BBF60002388F /* Release */,
			);
			defaultConfigurationIsVisible = 0;
			defaultConfigurationName = Release;
		};
		97FA07CE1CB3BBF60002388F /* Build configuration list for PBXNativeTarget "Gesture Recognisers" */ = {
			isa = XCConfigurationList;
			buildConfigurations = (
				97FA07CF1CB3BBF60002388F /* Debug */,
				97FA07D01CB3BBF60002388F /* Release */,
			);
			defaultConfigurationIsVisible = 0;
		};
/* End XCConfigurationList section */
	};
	rootObject = 97FA07AF1CB3BBF60002388F /* Project object */;
}
