// !$*UTF8*$!
{
	archiveVersion = 1;
	classes = {
	};
	objectVersion = 46;
	objects = {

/* Begin PBXBuildFile section */
		975D86181CA2AA2E005AF061 /* main.m in Sources */ = {isa = PBXBuildFile; fileRef = 975D86171CA2AA2E005AF061 /* main.m */; };
		975D861B1CA2AA2E005AF061 /* AppDelegate.m in Sources */ = {isa = PBXBuildFile; fileRef = 975D861A1CA2AA2E005AF061 /* AppDelegate.m */; };
		975D861E1CA2AA2E005AF061 /* ViewController.m in Sources */ = {isa = PBXBuildFile; fileRef = 975D861D1CA2AA2E005AF061 /* ViewController.m */; };
		975D86211CA2AA2E005AF061 /* Main.storyboard in Resources */ = {isa = PBXBuildFile; fileRef = 975D861F1CA2AA2E005AF061 /* Main.storyboard */; };
		975D86231CA2AA2E005AF061 /* Assets.xcassets in Resources */ = {isa = PBXBuildFile; fileRef = 975D86221CA2AA2E005AF061 /* Assets.xcassets */; };
		975D86261CA2AA2E005AF061 /* LaunchScreen.storyboard in Resources */ = {isa = PBXBuildFile; fileRef = 975D86241CA2AA2E005AF061 /* LaunchScreen.storyboard */; };
/* End PBXBuildFile section */

/* Begin PBXFileReference section */
		975D86131CA2AA2E005AF061 /* Simple Table.app */ = {isa = PBXFileReference; explicitFileType = wrapper.application; includeInIndex = 0; path = "Simple Table.app"; sourceTree = BUILT_PRODUCTS_DIR; };
		975D86171CA2AA2E005AF061 /* main.m */ = {isa = PBXFileReference; lastKnownFileType = sourcecode.c.objc; path = main.m; sourceTree = "<group>"; };
		975D86191CA2AA2E005AF061 /* AppDelegate.h */ = {isa = PBXFileReference; lastKnownFileType = sourcecode.c.h; path = AppDelegate.h; sourceTree = "<group>"; };
		975D861A1CA2AA2E005AF061 /* AppDelegate.m */ = {isa = PBXFileReference; lastKnownFileType = sourcecode.c.objc; path = AppDelegate.m; sourceTree = "<group>"; };
		975D861C1CA2AA2E005AF061 /* ViewController.h */ = {isa = PBXFileReference; lastKnownFileType = sourcecode.c.h; path = ViewController.h; sourceTree = "<group>"; };
		975D861D1CA2AA2E005AF061 /* ViewController.m */ = {isa = PBXFileReference; lastKnownFileType = sourcecode.c.objc; path = ViewController.m; sourceTree = "<group>"; };
		975D86201CA2AA2E005AF061 /* Base */ = {isa = PBXFileReference; lastKnownFileType = file.storyboard; name = Base; path = Base.lproj/Main.storyboard; sourceTree = "<group>"; };
		975D86221CA2AA2E005AF061 /* Assets.xcassets */ = {isa = PBXFileReference; lastKnownFileType = folder.assetcatalog; path = Assets.xcassets; sourceTree = "<group>"; };
		975D86251CA2AA2E005AF061 /* Base */ = {isa = PBXFileReference; lastKnownFileType = file.storyboard; name = Base; path = Base.lproj/LaunchScreen.storyboard; sourceTree = "<group>"; };
		975D86271CA2AA2E005AF061 /* Info.plist */ = {isa = PBXFileReference; lastKnownFileType = text.plist.xml; path = Info.plist; sourceTree = "<group>"; };
/* End PBXFileReference section */

/* Begin PBXFrameworksBuildPhase section */
		975D86101CA2AA2E005AF061 /* Frameworks */ = {
			isa = PBXFrameworksBuildPhase;
			buildActionMask = 2147483647;
			files = (
			);
			runOnlyForDeploymentPostprocessing = 0;
		};
/* End PBXFrameworksBuildPhase section */

/* Begin PBXGroup section */
		975D860A1CA2AA2E005AF061 = {
			isa = PBXGroup;
			children = (
				975D86151CA2AA2E005AF061 /* Simple Table */,
				975D86141CA2AA2E005AF061 /* Products */,
			);
			sourceTree = "<group>";
		};
		975D86141CA2AA2E005AF061 /* Products */ = {
			isa = PBXGroup;
			children = (
				975D86131CA2AA2E005AF061 /* Simple Table.app */,
			);
			name = Products;
			sourceTree = "<group>";
		};
		975D86151CA2AA2E005AF061 /* Simple Table */ = {
			isa = PBXGroup;
			children = (
				975D86191CA2AA2E005AF061 /* AppDelegate.h */,
				975D861A1CA2AA2E005AF061 /* AppDelegate.m */,
				975D861C1CA2AA2E005AF061 /* ViewController.h */,
				975D861D1CA2AA2E005AF061 /* ViewController.m */,
				975D861F1CA2AA2E005AF061 /* Main.storyboard */,
				975D86221CA2AA2E005AF061 /* Assets.xcassets */,
				975D86241CA2AA2E005AF061 /* LaunchScreen.storyboard */,
				975D86271CA2AA2E005AF061 /* Info.plist */,
				975D86161CA2AA2E005AF061 /* Supporting Files */,
			);
			path = "Simple Table";
			sourceTree = "<group>";
		};
		975D86161CA2AA2E005AF061 /* Supporting Files */ = {
			isa = PBXGroup;
			children = (
				975D86171CA2AA2E005AF061 /* main.m */,
			);
			name = "Supporting Files";
			sourceTree = "<group>";
		};
/* End PBXGroup section */

/* Begin PBXNativeTarget section */
		975D86121CA2AA2E005AF061 /* Simple Table */ = {
			isa = PBXNativeTarget;
			buildConfigurationList = 975D862A1CA2AA2E005AF061 /* Build configuration list for PBXNativeTarget "Simple Table" */;
			buildPhases = (
				975D860F1CA2AA2E005AF061 /* Sources */,
				975D86101CA2AA2E005AF061 /* Frameworks */,
				975D86111CA2AA2E005AF061 /* Resources */,
			);
			buildRules = (
			);
			dependencies = (
			);
			name = "Simple Table";
			productName = "Simple Table";
			productReference = 975D86131CA2AA2E005AF061 /* Simple Table.app */;
			productType = "com.apple.product-type.application";
		};
/* End PBXNativeTarget section */

/* Begin PBXProject section */
		975D860B1CA2AA2E005AF061 /* Project object */ = {
			isa = PBXProject;
			attributes = {
				LastUpgradeCheck = 0710;
				ORGANIZATIONNAME = "Belén Molina del Campo";
				TargetAttributes = {
					975D86121CA2AA2E005AF061 = {
						CreatedOnToolsVersion = 7.1.1;
					};
				};
			};
			buildConfigurationList = 975D860E1CA2AA2E005AF061 /* Build configuration list for PBXProject "Simple Table" */;
			compatibilityVersion = "Xcode 3.2";
			developmentRegion = English;
			hasScannedForEncodings = 0;
			knownRegions = (
				en,
				Base,
			);
			mainGroup = 975D860A1CA2AA2E005AF061;
			productRefGroup = 975D86141CA2AA2E005AF061 /* Products */;
			projectDirPath = "";
			projectRoot = "";
			targets = (
				975D86121CA2AA2E005AF061 /* Simple Table */,
			);
		};
/* End PBXProject section */

/* Begin PBXResourcesBuildPhase section */
		975D86111CA2AA2E005AF061 /* Resources */ = {
			isa = PBXResourcesBuildPhase;
			buildActionMask = 2147483647;
			files = (
				975D86261CA2AA2E005AF061 /* LaunchScreen.storyboard in Resources */,
				975D86231CA2AA2E005AF061 /* Assets.xcassets in Resources */,
				975D86211CA2AA2E005AF061 /* Main.storyboard in Resources */,
			);
			runOnlyForDeploymentPostprocessing = 0;
		};
/* End PBXResourcesBuildPhase section */

/* Begin PBXSourcesBuildPhase section */
		975D860F1CA2AA2E005AF061 /* Sources */ = {
			isa = PBXSourcesBuildPhase;
			buildActionMask = 2147483647;
			files = (
				975D861E1CA2AA2E005AF061 /* ViewController.m in Sources */,
				975D861B1CA2AA2E005AF061 /* AppDelegate.m in Sources */,
				975D86181CA2AA2E005AF061 /* main.m in Sources */,
			);
			runOnlyForDeploymentPostprocessing = 0;
		};
/* End PBXSourcesBuildPhase section */

/* Begin PBXVariantGroup section */
		975D861F1CA2AA2E005AF061 /* Main.storyboard */ = {
			isa = PBXVariantGroup;
			children = (
				975D86201CA2AA2E005AF061 /* Base */,
			);
			name = Main.storyboard;
			sourceTree = "<group>";
		};
		975D86241CA2AA2E005AF061 /* LaunchScreen.storyboard */ = {
			isa = PBXVariantGroup;
			children = (
				975D86251CA2AA2E005AF061 /* Base */,
			);
			name = LaunchScreen.storyboard;
			sourceTree = "<group>";
		};
/* End PBXVariantGroup section */

/* Begin XCBuildConfiguration section */
		975D86281CA2AA2E005AF061 /* Debug */ = {
			isa = XCBuildConfiguration;
			buildSettings = {
				ALWAYS_SEARCH_USER_PATHS = NO;
				CLANG_CXX_LANGUAGE_STANDARD = "gnu++0x";
				CLANG_CXX_LIBRARY = "libc++";
				CLANG_ENABLE_MODULES = YES;
				CLANG_ENABLE_OBJC_ARC = YES;
				CLANG_WARN_BOOL_CONVERSION = YES;
				CLANG_WARN_CONSTANT_CONVERSION = YES;
				CLANG_WARN_DIRECT_OBJC_ISA_USAGE = YES_ERROR;
				CLANG_WARN_EMPTY_BODY = YES;
				CLANG_WARN_ENUM_CONVERSION = YES;
				CLANG_WARN_INT_CONVERSION = YES;
				CLANG_WARN_OBJC_ROOT_CLASS = YES_ERROR;
				CLANG_WARN_UNREACHABLE_CODE = YES;
				CLANG_WARN__DUPLICATE_METHOD_MATCH = YES;
				"CODE_SIGN_IDENTITY[sdk=iphoneos*]" = "iPhone Developer";
				COPY_PHASE_STRIP = NO;
				DEBUG_INFORMATION_FORMAT = dwarf;
				ENABLE_STRICT_OBJC_MSGSEND = YES;
				ENABLE_TESTABILITY = YES;
				GCC_C_LANGUAGE_STANDARD = gnu99;
				GCC_DYNAMIC_NO_PIC = NO;
				GCC_NO_COMMON_BLOCKS = YES;
				GCC_OPTIMIZATION_LEVEL = 0;
				GCC_PREPROCESSOR_DEFINITIONS = (
					"DEBUG=1",
					"$(inherited)",
				);
				GCC_WARN_64_TO_32_BIT_CONVERSION = YES;
				GCC_WARN_ABOUT_RETURN_TYPE = YES_ERROR;
				GCC_WARN_UNDECLARED_SELECTOR = YES;
				GCC_WARN_UNINITIALIZED_AUTOS = YES_AGGRESSIVE;
				GCC_WARN_UNUSED_FUNCTION = YES;
				GCC_WARN_UNUSED_VARIABLE = YES;
				IPHONEOS_DEPLOYMENT_TARGET = 9.1;
				MTL_ENABLE_DEBUG_INFO = YES;
				ONLY_ACTIVE_ARCH = YES;
				SDKROOT = iphoneos;
			};
			name = Debug;
		};
		975D86291CA2AA2E005AF061 /* Release */ = {
			isa = XCBuildConfiguration;
			buildSettings = {
				ALWAYS_SEARCH_USER_PATHS = NO;
				CLANG_CXX_LANGUAGE_STANDARD = "gnu++0x";
				CLANG_CXX_LIBRARY = "libc++";
				CLANG_ENABLE_MODULES = YES;
				CLANG_ENABLE_OBJC_ARC = YES;
				CLANG_WARN_BOOL_CONVERSION = YES;
				CLANG_WARN_CONSTANT_CONVERSION = YES;
				CLANG_WARN_DIRECT_OBJC_ISA_USAGE = YES_ERROR;
				CLANG_WARN_EMPTY_BODY = YES;
				CLANG_WARN_ENUM_CONVERSION = YES;
				CLANG_WARN_INT_CONVERSION = YES;
				CLANG_WARN_OBJC_ROOT_CLASS = YES_ERROR;
				CLANG_WARN_UNREACHABLE_CODE = YES;
				CLANG_WARN__DUPLICATE_METHOD_MATCH = YES;
				"CODE_SIGN_IDENTITY[sdk=iphoneos*]" = "iPhone Developer";
				COPY_PHASE_STRIP = NO;
				DEBUG_INFORMATION_FORMAT = "dwarf-with-dsym";
				ENABLE_NS_ASSERTIONS = NO;
				ENABLE_STRICT_OBJC_MSGSEND = YES;
				GCC_C_LANGUAGE_STANDARD = gnu99;
				GCC_NO_COMMON_BLOCKS = YES;
				GCC_WARN_64_TO_32_BIT_CONVERSION = YES;
				GCC_WARN_ABOUT_RETURN_TYPE = YES_ERROR;
				GCC_WARN_UNDECLARED_SELECTOR = YES;
				GCC_WARN_UNINITIALIZED_AUTOS = YES_AGGRESSIVE;
				GCC_WARN_UNUSED_FUNCTION = YES;
				GCC_WARN_UNUSED_VARIABLE = YES;
				IPHONEOS_DEPLOYMENT_TARGET = 9.1;
				MTL_ENABLE_DEBUG_INFO = NO;
				SDKROOT = iphoneos;
				VALIDATE_PRODUCT = YES;
			};
			name = Release;
		};
		975D862B1CA2AA2E005AF061 /* Debug */ = {
			isa = XCBuildConfiguration;
			buildSettings = {
				ASSETCATALOG_COMPILER_APPICON_NAME = AppIcon;
				INFOPLIST_FILE = "Simple Table/Info.plist";
				LD_RUNPATH_SEARCH_PATHS = "$(inherited) @executable_path/Frameworks";
				PRODUCT_BUNDLE_IDENTIFIER = "com.bmc.Simple-Table";
				PRODUCT_NAME = "$(TARGET_NAME)";
			};
			name = Debug;
		};
		975D862C1CA2AA2E005AF061 /* Release */ = {
			isa = XCBuildConfiguration;
			buildSettings = {
				ASSETCATALOG_COMPILER_APPICON_NAME = AppIcon;
				INFOPLIST_FILE = "Simple Table/Info.plist";
				LD_RUNPATH_SEARCH_PATHS = "$(inherited) @executable_path/Frameworks";
				PRODUCT_BUNDLE_IDENTIFIER = "com.bmc.Simple-Table";
				PRODUCT_NAME = "$(TARGET_NAME)";
			};
			name = Release;
		};
/* End XCBuildConfiguration section */

/* Begin XCConfigurationList section */
		975D860E1CA2AA2E005AF061 /* Build configuration list for PBXProject "Simple Table" */ = {
			isa = XCConfigurationList;
			buildConfigurations = (
				975D86281CA2AA2E005AF061 /* Debug */,
				975D86291CA2AA2E005AF061 /* Release */,
			);
			defaultConfigurationIsVisible = 0;
			defaultConfigurationName = Release;
		};
		975D862A1CA2AA2E005AF061 /* Build configuration list for PBXNativeTarget "Simple Table" */ = {
			isa = XCConfigurationList;
			buildConfigurations = (
				975D862B1CA2AA2E005AF061 /* Debug */,
				975D862C1CA2AA2E005AF061 /* Release */,
			);
			defaultConfigurationIsVisible = 0;
		};
/* End XCConfigurationList section */
	};
	rootObject = 975D860B1CA2AA2E005AF061 /* Project object */;
}
